
Microsoft Visual Studio Solution File, Format Version 12.00
# Visual Studio Version 17
VisualStudioVersion = 17.14.36203.30 d17.14
MinimumVisualStudioVersion = 10.0.40219.1
Project("{FAE04EC0-301F-11D3-BF4B-00C04F79EFBC}") = "Lanchonete-Brennerlopes", "Lanchonete-Brennerlopes\Lanchonete-Brennerlopes.csproj", "{385DAB3D-81BB-4A2D-A0CB-15BD9DE638C5}"
EndProject
Global
	GlobalSection(SolutionConfigurationPlatforms) = preSolution
		Debug|Any CPU = Debug|Any CPU
		Release|Any CPU = Release|Any CPU
	EndGlobalSection
	GlobalSection(ProjectConfigurationPlatforms) = postSolution
		{385DAB3D-81BB-4A2D-A0CB-15BD9DE638C5}.Debug|Any CPU.ActiveCfg = Debug|Any CPU
		{385DAB3D-81BB-4A2D-A0CB-15BD9DE638C5}.Debug|Any CPU.Build.0 = Debug|Any CPU
		{385DAB3D-81BB-4A2D-A0CB-15BD9DE638C5}.Release|Any CPU.ActiveCfg = Release|Any CPU
		{385DAB3D-81BB-4A2D-A0CB-15BD9DE638C5}.Release|Any CPU.Build.0 = Release|Any CPU
	EndGlobalSection
	GlobalSection(SolutionProperties) = preSolution
		HideSolutionNode = FALSE
	EndGlobalSection
	GlobalSection(ExtensibilityGlobals) = postSolution
		SolutionGuid = {70F39EF3-49DC-4C2A-9BAE-673A36F8B209}
	EndGlobalSection
EndGlobal
